PODS:
  - AEPAssurance (3.0.0):
    - AEPCore (>= 3.1.0)
    - AEPServices (>= 3.1.0)
  - AEPCore (3.4.2):
    - AEPRulesEngine (>= 1.1.0)
    - AEPServices (>= 3.4.2)
  - AEPEdge (1.3.0):
    - AEPCore (>= 3.3.2)
    - AEPEdgeIdentity
  - AEPEdgeConsent (1.0.0):
    - AEPCore (>= 3.1.0)
  - AEPEdgeIdentity (1.0.0):
    - AEPCore (>= 3.1.1)
  - AEPIdentity (3.4.2):
    - AEPCore (>= 3.4.2)
  - AEPLifecycle (3.4.2):
    - AEPCore (>= 3.4.2)
  - AEPMessaging (1.0.0):
    - AEPCore
    - AEPEdge (>= 1.1.0)
    - AEPEdgeIdentity (>= 1.0.0)
    - AEPServices
  - AEPRulesEngine (1.1.0)
  - AEPServices (3.4.2)
  - AEPSignal (3.4.2):
    - AEPCore (>= 3.4.2)
  - AEPUserProfile (3.0.1):
    - AEPCore
  - Alamofire (5.5.0)
  - SwiftyJSON (5.0.1)

DEPENDENCIES:
  - AEPAssurance (~> 3)
  - AEPCore (~> 3)
  - AEPEdge (~> 1)
  - AEPEdgeConsent (~> 1)
  - AEPEdgeIdentity (~> 1)
  - AEPIdentity (~> 3)
  - AEPLifecycle (~> 3)
  - AEPMessaging (~> 1)
  - AEPServices (~> 3)
  - AEPSignal (~> 3)
  - AEPUserProfile (~> 3)
  - Alamofire
  - SwiftyJSON

SPEC REPOS:
  trunk:
    - AEPAssurance
    - AEPCore
    - AEPEdge
    - AEPEdgeConsent
    - AEPEdgeIdentity
    - AEPIdentity
    - AEPLifecycle
    - AEPMessaging
    - AEPRulesEngine
    - AEPServices
    - AEPSignal
    - AEPUserProfile
    - Alamofire
    - SwiftyJSON

SPEC CHECKSUMS:
  AEPAssurance: 18068627111e366a851dc2166239f22b665101bd
  AEPCore: b01856bf24972e4720cb0511a358d1e68067252a
  AEPEdge: 500628aee1319ef2690dfaf5bd950badce6ec3f0
  AEPEdgeConsent: dd46002b0c4bf55443f5441990e799248975713e
  AEPEdgeIdentity: 40d312b4434b710a46c1738ab2a221dda4cfd67e
  AEPIdentity: fbf755560afcbb0acd66cd5b6a1c147530fca5f6
  AEPLifecycle: 1e0e843465fb143f8d8949dcf06de169d5c26f62
  AEPMessaging: 661cc08435254f3c9cc0899785c20a7952952e95
  AEPRulesEngine: bb2927ed5501ddf9754c66e97f8d2b1cf8e33b19
  AEPServices: 3214311f239c8cdc6267d757200b05ec0ab05878
  AEPSignal: be3a4789b492f4d5a5aef7408f30ff8e866d1d79
  AEPUserProfile: 2ddb5ba8e2c22dd8f942992306b050f4be2c2403
  Alamofire: 1c4fb5369c3fe93d2857c780d8bbe09f06f97e7c
  SwiftyJSON: 2f33a42c6fbc52764d96f13368585094bfd8aa5e

PODFILE CHECKSUM: 51b325c12df9612f45d11ac281ccbd7630a09ec5

COCOAPODS: 1.11.2
