{
  "pins" : [
    {
      "identity" : "aepsdk-assurance-ios",
      "kind" : "remoteSourceControl",
      "location" : "https://github.com/adobe/aepsdk-assurance-ios.git",
      "state" : {
        "revision" : "7cae37abe8a878b24aaaddfb10427908ea9ffa0e",
        "version" : "5.0.1"
      }
    },
    {
      "identity" : "aepsdk-core-ios",
      "kind" : "remoteSourceControl",
      "location" : "https://github.com/adobe/aepsdk-core-ios.git",
      "state" : {
        "revision" : "c3727f6b2a25a8e395ee71d42d1671e12851db84",
        "version" : "5.4.0"
      }
    },
    {
      "identity" : "aepsdk-edge-ios",
      "kind" : "remoteSourceControl",
      "location" : "https://github.com/adobe/aepsdk-edge-ios.git",
      "state" : {
        "revision" : "d0d3e0d74ff8999ab8d6bbd30f921610ee1e6dd1",
        "version" : "5.0.3"
      }
    },
    {
      "identity" : "aepsdk-edgeconsent-ios",
      "kind" : "remoteSourceControl",
      "location" : "https://github.com/adobe/aepsdk-edgeconsent-ios.git",
      "state" : {
        "revision" : "595c1b8f912f69655dbf047d4b3a1a63364d12fe",
        "version" : "5.0.0"
      }
    },
    {
      "identity" : "aepsdk-edgeidentity-ios",
      "kind" : "remoteSourceControl",
      "location" : "https://github.com/adobe/aepsdk-edgeidentity-ios.git",
      "state" : {
        "revision" : "25fab07d344981afc768b99a550c63ed032ae3ad",
        "version" : "5.0.0"
      }
    },
    {
      "identity" : "aepsdk-messaging-ios",
      "kind" : "remoteSourceControl",
      "location" : "https://github.com/adobe/aepsdk-messaging-ios.git",
      "state" : {
        "revision" : "5b913c46b0026b25bccd873a4407715280642ee7",
        "version" : "5.6.0"
      }
    },
    {
      "identity" : "aepsdk-optimize-ios",
      "kind" : "remoteSourceControl",
      "location" : "https://github.com/adobe/aepsdk-optimize-ios",
      "state" : {
        "revision" : "e48fdf76907c8894d89b6cb3e96cbc0d303bd5a7",
        "version" : "5.2.1"
      }
    },
    {
      "identity" : "aepsdk-places-ios",
      "kind" : "remoteSourceControl",
      "location" : "https://github.com/adobe/aepsdk-places-ios",
      "state" : {
        "revision" : "ccb3b7e4d37351b19a9f3e8d9f92d21c3cc5df58",
        "version" : "5.0.0"
      }
    },
    {
      "identity" : "aepsdk-rulesengine-ios",
      "kind" : "remoteSourceControl",
      "location" : "https://github.com/adobe/aepsdk-rulesengine-ios.git",
      "state" : {
        "revision" : "514d2b3787c545bfa6749ffce5dd3e6f560c9319",
        "version" : "5.0.0"
      }
    },
    {
      "identity" : "aepsdk-userprofile-ios",
      "kind" : "remoteSourceControl",
      "location" : "https://github.com/adobe/aepsdk-userprofile-ios.git",
      "state" : {
        "revision" : "8a9d7e9da0e1c1afe19d6c4865bf7dd3abbfdccf",
        "version" : "5.0.0"
      }
    }
  ],
  "version" : 2
}
