{
  "pins" : [
    {
      "identity" : "aepsdk-assurance-ios",
      "kind" : "remoteSourceControl",
      "location" : "https://github.com/adobe/aepsdk-assurance-ios.git",
      "state" : {
        "branch" : "main",
        "revision" : "dc78d1cb42181ae59740eee9e51df6b75a32a5b9"
      }
    },
    {
      "identity" : "aepsdk-core-ios",
      "kind" : "remoteSourceControl",
      "location" : "https://github.com/adobe/aepsdk-core-ios.git",
      "state" : {
        "branch" : "main",
        "revision" : "3bf920dde9e4f97fa4da8a5204f73f8773fd5953"
      }
    },
    {
      "identity" : "aepsdk-edge-ios",
      "kind" : "remoteSourceControl",
      "location" : "https://github.com/adobe/aepsdk-edge-ios.git",
      "state" : {
        "branch" : "main",
        "revision" : "9aef3e61587b746a87a5599e8e1068fac87d3325"
      }
    },
    {
      "identity" : "aepsdk-edgeconsent-ios",
      "kind" : "remoteSourceControl",
      "location" : "https://github.com/adobe/aepsdk-edgeconsent-ios.git",
      "state" : {
        "branch" : "main",
        "revision" : "87dd0c4995f0a3ec734814eaa863febc00598608"
      }
    },
    {
      "identity" : "aepsdk-edgeidentity-ios",
      "kind" : "remoteSourceControl",
      "location" : "https://github.com/adobe/aepsdk-edgeidentity-ios.git",
      "state" : {
        "branch" : "main",
        "revision" : "9a03480accb02473829591cb89d7a6de11587a8d"
      }
    },
    {
      "identity" : "aepsdk-messaging-ios",
      "kind" : "remoteSourceControl",
      "location" : "https://github.com/adobe/aepsdk-messaging-ios.git",
      "state" : {
        "branch" : "main",
        "revision" : "da23275cd7891f6f304670c1cd5dee8d6f421768"
      }
    },
    {
      "identity" : "aepsdk-optimize-ios",
      "kind" : "remoteSourceControl",
      "location" : "https://github.com/adobe/aepsdk-optimize-ios",
      "state" : {
        "branch" : "main",
        "revision" : "ed7219f2d608e8854db6f82ab8bcb5afaab548d7"
      }
    },
    {
      "identity" : "aepsdk-places-ios",
      "kind" : "remoteSourceControl",
      "location" : "https://github.com/adobe/aepsdk-places-ios",
      "state" : {
        "branch" : "main",
        "revision" : "4c6b9116d9fe9d622a56471d95fea15c95bd8fac"
      }
    },
    {
      "identity" : "aepsdk-rulesengine-ios",
      "kind" : "remoteSourceControl",
      "location" : "https://github.com/adobe/aepsdk-rulesengine-ios.git",
      "state" : {
        "revision" : "0923ec707340874000e06ad2926c5006ddfbc4c9",
        "version" : "4.0.0"
      }
    },
    {
      "identity" : "aepsdk-userprofile-ios",
      "kind" : "remoteSourceControl",
      "location" : "https://github.com/adobe/aepsdk-userprofile-ios.git",
      "state" : {
        "branch" : "main",
        "revision" : "873cfdebc1a53702d7d4f373e9b5d8d05d2fe556"
      }
    }
  ],
  "version" : 2
}
