{
  "originHash" : "af287c0c75468bc53de5f33cfb7bf028717aa31937e68c8eb1b8fdde7c8505d8",
  "pins" : [
    {
      "identity" : "aepsdk-assurance-ios",
      "kind" : "remoteSourceControl",
      "location" : "https://github.com/adobe/aepsdk-assurance-ios.git",
      "state" : {
        "revision" : "b8f0cc1aacc64b5ff7ec86460c5df7405b446044",
        "version" : "5.0.3"
      }
    },
    {
      "identity" : "aepsdk-core-ios",
      "kind" : "remoteSourceControl",
      "location" : "https://github.com/adobe/aepsdk-core-ios.git",
      "state" : {
        "revision" : "73079674d25c717a671ee4fbe6498f018234597a",
        "version" : "5.9.0"
      }
    },
    {
      "identity" : "aepsdk-edge-ios",
      "kind" : "remoteSourceControl",
      "location" : "https://github.com/adobe/aepsdk-edge-ios.git",
      "state" : {
        "revision" : "d0d3e0d74ff8999ab8d6bbd30f921610ee1e6dd1",
        "version" : "5.0.3"
      }
    },
    {
      "identity" : "aepsdk-edgeconsent-ios",
      "kind" : "remoteSourceControl",
      "location" : "https://github.com/adobe/aepsdk-edgeconsent-ios.git",
      "state" : {
        "revision" : "92d246684e6d216c1e21b0a219a41c0d4c19e0a6",
        "version" : "5.0.2"
      }
    },
    {
      "identity" : "aepsdk-edgeidentity-ios",
      "kind" : "remoteSourceControl",
      "location" : "https://github.com/adobe/aepsdk-edgeidentity-ios.git",
      "state" : {
        "revision" : "25fab07d344981afc768b99a550c63ed032ae3ad",
        "version" : "5.0.0"
      }
    },
    {
      "identity" : "aepsdk-messaging-ios",
      "kind" : "remoteSourceControl",
      "location" : "https://github.com/adobe/aepsdk-messaging-ios.git",
      "state" : {
        "revision" : "5dad851d309e115a63086c3041e9606cfb540510",
        "version" : "5.14.0"
      }
    },
    {
      "identity" : "aepsdk-optimize-ios",
      "kind" : "remoteSourceControl",
      "location" : "https://github.com/adobe/aepsdk-optimize-ios",
      "state" : {
        "revision" : "5381e43561f31539a5a66ca1833d0a65bcadc546",
        "version" : "5.7.0"
      }
    },
    {
      "identity" : "aepsdk-places-ios",
      "kind" : "remoteSourceControl",
      "location" : "https://github.com/adobe/aepsdk-places-ios",
      "state" : {
        "revision" : "ccb3b7e4d37351b19a9f3e8d9f92d21c3cc5df58",
        "version" : "5.0.0"
      }
    },
    {
      "identity" : "aepsdk-rulesengine-ios",
      "kind" : "remoteSourceControl",
      "location" : "https://github.com/adobe/aepsdk-rulesengine-ios.git",
      "state" : {
        "revision" : "514d2b3787c545bfa6749ffce5dd3e6f560c9319",
        "version" : "5.0.0"
      }
    },
    {
      "identity" : "aepsdk-userprofile-ios",
      "kind" : "remoteSourceControl",
      "location" : "https://github.com/adobe/aepsdk-userprofile-ios.git",
      "state" : {
        "revision" : "8a9d7e9da0e1c1afe19d6c4865bf7dd3abbfdccf",
        "version" : "5.0.0"
      }
    }
  ],
  "version" : 3
}
