PODS:
  - AEPAssurance (3.1.0):
    - AEPCore (>= 3.1.0)
    - AEPServices (>= 3.1.0)
  - AEPCore (3.8.1):
    - AEPRulesEngine (>= 1.2.2)
    - AEPServices (>= 3.8.1)
  - AEPEdge (1.6.0):
    - AEPCore (>= 3.7.0)
    - AEPEdgeIdentity (>= 1.2.0)
  - AEPEdgeConsent (1.1.0):
    - AEPCore (>= 3.7.0)
    - AEPEdge (>= 1.6.0)
  - AEPEdgeIdentity (1.2.0):
    - AEPCore (>= 3.7.0)
  - AEPLifecycle (3.8.1):
    - AEPCore (>= 3.8.1)
  - AEPMessaging (1.1.3):
    - AEPCore (>= 3.8.1)
    - AEPEdge (>= 1.5.0)
    - AEPEdgeIdentity (>= 1.1.0)
    - AEPServices (>= 3.8.1)
  - AEPRulesEngine (1.2.2)
  - AEPServices (3.8.1)
  - AEPSignal (3.8.1):
    - AEPCore (>= 3.8.1)
  - AEPUserProfile (3.0.1):
    - AEPCore
  - Alamofire (5.6.4)
  - Apollo (1.0.7):
    - Apollo/Core (= 1.0.7)
  - Apollo/Core (1.0.7)
  - SwiftyJSON (5.0.1)

DEPENDENCIES:
  - AEPAssurance (~> 3)
  - AEPCore (~> 3)
  - AEPEdge (~> 1)
  - AEPEdgeConsent (~> 1)
  - AEPEdgeIdentity (~> 1)
  - AEPLifecycle (~> 3)
  - AEPMessaging (~> 1)
  - AEPServices (~> 3)
  - AEPSignal (~> 3)
  - AEPUserProfile (~> 3)
  - Alamofire
  - Apollo
  - SwiftyJSON

SPEC REPOS:
  trunk:
    - AEPAssurance
    - AEPCore
    - AEPEdge
    - AEPEdgeConsent
    - AEPEdgeIdentity
    - AEPLifecycle
    - AEPMessaging
    - AEPRulesEngine
    - AEPServices
    - AEPSignal
    - AEPUserProfile
    - Alamofire
    - Apollo
    - SwiftyJSON

SPEC CHECKSUMS:
  AEPAssurance: cea6c6b08a1ff6e5025f3ae79a68a1619c49cb4e
  AEPCore: 460eb0a7cc85180a4b77ac204cf8a7711d1341b8
  AEPEdge: e4364a56d358c517f7d4cef87570ac4e7652d3a2
  AEPEdgeConsent: d10d4232615b880d484050edf47b2e3fbfb787bb
  AEPEdgeIdentity: 6bb2c1e62d48cdc988b4d492e8e6d563f0ced73d
  AEPLifecycle: 7b9dd2fd528035c4555ff838f89f9c45e62dbb64
  AEPMessaging: 988ad59fa642c491aef4ebf2dc48283abe9fc722
  AEPRulesEngine: 354b4374edefaf5bdfa3336ab9a41a07cbae4afe
  AEPServices: 79b5e33655bfaff53e360a0f59e4b59077b75dd0
  AEPSignal: 5208f9c32e880394ed688d618703cd9ee43083d9
  AEPUserProfile: 2ddb5ba8e2c22dd8f942992306b050f4be2c2403
  Alamofire: 4e95d97098eacb88856099c4fc79b526a299e48c
  Apollo: 4db36a7f08ded7a9f73a72eb90457d98dc4c68f9
  SwiftyJSON: 2f33a42c6fbc52764d96f13368585094bfd8aa5e

PODFILE CHECKSUM: 32f7f96884f15153523cd292757f57d175f0c946

COCOAPODS: 1.12.0
